
Microsoft Visual Studio Solution File, Format Version 12.00
# Visual Studio 14
VisualStudioVersion = 14.0.24720.0
MinimumVisualStudioVersion = 10.0.40219.1
Project("{FAE04EC0-301F-11D3-BF4B-00C04F79EFBC}") = "ConsoleApplication1", "ConsoleApplication1\ConsoleApplication1.csproj", "{F4DF13CA-5B79-4491-A3B8-32C891FD0DBF}"
EndProject
Global
	GlobalSection(SolutionConfigurationPlatforms) = preSolution
		Debug|Any CPU = Debug|Any CPU
		Release|Any CPU = Release|Any CPU
	EndGlobalSection
	GlobalSection(ProjectConfigurationPlatforms) = postSolution
		{F4DF13CA-5B79-4491-A3B8-32C891FD0DBF}.Debug|Any CPU.ActiveCfg = Debug|Any CPU
		{F4DF13CA-5B79-4491-A3B8-32C891FD0DBF}.Debug|Any CPU.Build.0 = Debug|Any CPU
		{F4DF13CA-5B79-4491-A3B8-32C891FD0DBF}.Release|Any CPU.ActiveCfg = Release|Any CPU
		{F4DF13CA-5B79-4491-A3B8-32C891FD0DBF}.Release|Any CPU.Build.0 = Release|Any CPU
	EndGlobalSection
	GlobalSection(SolutionProperties) = preSolution
		HideSolutionNode = FALSE
	EndGlobalSection
EndGlobal
